
Microsoft Visual Studio Solution File, Format Version 12.00
# Visual Studio Version 17
VisualStudioVersion = 17.5.002.0
MinimumVisualStudioVersion = 10.0.40219.1
Project("{2150E333-8FDC-42A3-9474-1A3956D46DE8}") = "85263-oauth-contazara", "85263-oauth-contazara", "{A88D0567-B9E2-43E9-8A72-2D15510B2E29}"
EndProject
Project("{2150E333-8FDC-42A3-9474-1A3956D46DE8}") = "acuama-classic", "acuama-classic", "{BD4B2EFB-0BC3-4CC9-BFA5-239672B90D96}"
EndProject
Project("{9A19103F-16F7-4668-BE54-9A1E7A4F7556}") = "Tests_AppBL", "85263-oauth-contazara\acuama-classic\Tests_AppBL\Tests_AppBL.csproj", "{284520E9-7F1A-4BC8-BA80-F1C28609671B}"
EndProject

Global
	GlobalSection(SolutionConfigurationPlatforms) = preSolution
		Debug|Any CPU = Debug|Any CPU
		Release|Any CPU = Release|Any CPU
	EndGlobalSection
	GlobalSection(ProjectConfigurationPlatforms) = postSolution
		{284520E9-7F1A-4BC8-BA80-F1C28609671B}.Debug|Any CPU.ActiveCfg = Debug|Any CPU
		{284520E9-7F1A-4BC8-BA80-F1C28609671B}.Debug|Any CPU.Build.0 = Debug|Any CPU
		{284520E9-7F1A-4BC8-BA80-F1C28609671B}.Release|Any CPU.ActiveCfg = Release|Any CPU
		{284520E9-7F1A-4BC8-BA80-F1C28609671B}.Release|Any CPU.Build.0 = Release|Any CPU
	EndGlobalSection
	GlobalSection(SolutionProperties) = preSolution
		HideSolutionNode = FALSE
	EndGlobalSection
	GlobalSection(NestedProjects) = preSolution
		{BD4B2EFB-0BC3-4CC9-BFA5-239672B90D96} = {A88D0567-B9E2-43E9-8A72-2D15510B2E29}
		{284520E9-7F1A-4BC8-BA80-F1C28609671B} = {BD4B2EFB-0BC3-4CC9-BFA5-239672B90D96}
	EndGlobalSection
	GlobalSection(ExtensibilityGlobals) = postSolution
		SolutionGuid = {FAF05D9A-24B7-4855-A859-4CC99D820FD2}
	EndGlobalSection
EndGlobal
